# This file was autogenerated by Stack.
# You should not edit this file by hand.
# For more information, please see the documentation at:
#   https://docs.haskellstack.org/en/stable/lock_files

packages:
- completed:
    name: really-safe-money
    pantry-tree:
      sha256: fbec2fcea9994f57c18c3a7be04e2637bd191ae8030385a7c86fb947b14c58ee
      size: 602
    sha256: 4cf9e19973e3bc01610d81360209ef04ea1a614aac2ee83b2415a325cc06263f
    size: 30189
    subdir: really-safe-money
    url: https://github.com/NorfairKing/really-safe-money/archive/2dc42e258dacc620f830cfe85e600655e93d46b6.tar.gz
    version: 0.0.0.0
  original:
    subdir: really-safe-money
    url: https://github.com/NorfairKing/really-safe-money/archive/2dc42e258dacc620f830cfe85e600655e93d46b6.tar.gz
- completed:
    name: really-safe-money-autodocodec
    pantry-tree:
      sha256: cf57161e9789ed518dd5fa847e49596029e9f07c1789281d5a448ebdd29f575b
      size: 828
    sha256: 4cf9e19973e3bc01610d81360209ef04ea1a614aac2ee83b2415a325cc06263f
    size: 30189
    subdir: really-safe-money-autodocodec
    url: https://github.com/NorfairKing/really-safe-money/archive/2dc42e258dacc620f830cfe85e600655e93d46b6.tar.gz
    version: 0.0.0.0
  original:
    subdir: really-safe-money-autodocodec
    url: https://github.com/NorfairKing/really-safe-money/archive/2dc42e258dacc620f830cfe85e600655e93d46b6.tar.gz
- completed:
    name: really-safe-money-gen
    pantry-tree:
      sha256: 1b4602d6697316b408395a1659c21735a849924e6668b4bd3cb7dd6fb20773d6
      size: 1151
    sha256: 4cf9e19973e3bc01610d81360209ef04ea1a614aac2ee83b2415a325cc06263f
    size: 30189
    subdir: really-safe-money-gen
    url: https://github.com/NorfairKing/really-safe-money/archive/2dc42e258dacc620f830cfe85e600655e93d46b6.tar.gz
    version: 0.0.0.0
  original:
    subdir: really-safe-money-gen
    url: https://github.com/NorfairKing/really-safe-money/archive/2dc42e258dacc620f830cfe85e600655e93d46b6.tar.gz
snapshots:
- completed:
    sha256: e63b43d506918278d05cd1448bd19352ab2faa9b8e9d64ce527b56f1a7fba149
    size: 650255
    url: https://raw.githubusercontent.com/commercialhaskell/stackage-snapshots/master/lts/20/25.yaml
  original: lts-20.25
