# This file was autogenerated by Stack.
# You should not edit this file by hand.
# For more information, please see the documentation at:
#   https://docs.haskellstack.org/en/stable/lock_files

packages:
- completed:
    name: really-safe-money
    pantry-tree:
      sha256: 4f0d7dd32d6c3f4f2a6dbf7e6ac87f1ff44a5f98598f365910b65e19cd64fc12
      size: 739
    sha256: 5f1c245208ba57e72efc947f1d0fb770dc516348cf00894481ff256522598549
    size: 31317
    subdir: really-safe-money
    url: https://github.com/NorfairKing/really-safe-money/archive/6562d04dd22688484bdde3cbd520d6ae94402f09.tar.gz
    version: 0.0.0.0
  original:
    subdir: really-safe-money
    url: https://github.com/NorfairKing/really-safe-money/archive/6562d04dd22688484bdde3cbd520d6ae94402f09.tar.gz
- completed:
    name: really-safe-money-autodocodec
    pantry-tree:
      sha256: cf57161e9789ed518dd5fa847e49596029e9f07c1789281d5a448ebdd29f575b
      size: 828
    sha256: 5f1c245208ba57e72efc947f1d0fb770dc516348cf00894481ff256522598549
    size: 31317
    subdir: really-safe-money-autodocodec
    url: https://github.com/NorfairKing/really-safe-money/archive/6562d04dd22688484bdde3cbd520d6ae94402f09.tar.gz
    version: 0.0.0.0
  original:
    subdir: really-safe-money-autodocodec
    url: https://github.com/NorfairKing/really-safe-money/archive/6562d04dd22688484bdde3cbd520d6ae94402f09.tar.gz
- completed:
    name: really-safe-money-gen
    pantry-tree:
      sha256: 2754c26bad12bc3d221710ae7d654d26737ce3e869397231ff3bb460ab1ecc50
      size: 1366
    sha256: 5f1c245208ba57e72efc947f1d0fb770dc516348cf00894481ff256522598549
    size: 31317
    subdir: really-safe-money-gen
    url: https://github.com/NorfairKing/really-safe-money/archive/6562d04dd22688484bdde3cbd520d6ae94402f09.tar.gz
    version: 0.0.0.0
  original:
    subdir: really-safe-money-gen
    url: https://github.com/NorfairKing/really-safe-money/archive/6562d04dd22688484bdde3cbd520d6ae94402f09.tar.gz
snapshots:
- completed:
    sha256: e63b43d506918278d05cd1448bd19352ab2faa9b8e9d64ce527b56f1a7fba149
    size: 650255
    url: https://raw.githubusercontent.com/commercialhaskell/stackage-snapshots/master/lts/20/25.yaml
  original: lts-20.25
